
Microsoft Visual Studio Solution File, Format Version 12.00
Project("{FAE04EC0-301F-11D3-BF4B-00C04F79EFBC}") = "Compression.ConsoleApp", "Compression.ConsoleApp\Compression.ConsoleApp.csproj", "{BB77949A-C9BD-4319-BDD6-F22BF70E36ED}"
EndProject
Project("{FAE04EC0-301F-11D3-BF4B-00C04F79EFBC}") = "Infrastructure", "Infrastructure\Infrastructure.csproj", "{CCC350A3-442C-4968-BCD1-0F2193BF64F4}"
EndProject
Project("{FAE04EC0-301F-11D3-BF4B-00C04F79EFBC}") = "Huffman", "Huffman\Huffman.csproj", "{0E5A8D06-81D2-4B3D-BCB7-F9F9CC0448B9}"
EndProject
Global
	GlobalSection(SolutionConfigurationPlatforms) = preSolution
		Debug|Any CPU = Debug|Any CPU
		Release|Any CPU = Release|Any CPU
	EndGlobalSection
	GlobalSection(ProjectConfigurationPlatforms) = postSolution
		{BB77949A-C9BD-4319-BDD6-F22BF70E36ED}.Debug|Any CPU.ActiveCfg = Debug|Any CPU
		{BB77949A-C9BD-4319-BDD6-F22BF70E36ED}.Debug|Any CPU.Build.0 = Debug|Any CPU
		{BB77949A-C9BD-4319-BDD6-F22BF70E36ED}.Release|Any CPU.ActiveCfg = Release|Any CPU
		{BB77949A-C9BD-4319-BDD6-F22BF70E36ED}.Release|Any CPU.Build.0 = Release|Any CPU
		{CCC350A3-442C-4968-BCD1-0F2193BF64F4}.Debug|Any CPU.ActiveCfg = Debug|Any CPU
		{CCC350A3-442C-4968-BCD1-0F2193BF64F4}.Debug|Any CPU.Build.0 = Debug|Any CPU
		{CCC350A3-442C-4968-BCD1-0F2193BF64F4}.Release|Any CPU.ActiveCfg = Release|Any CPU
		{CCC350A3-442C-4968-BCD1-0F2193BF64F4}.Release|Any CPU.Build.0 = Release|Any CPU
		{0E5A8D06-81D2-4B3D-BCB7-F9F9CC0448B9}.Debug|Any CPU.ActiveCfg = Debug|Any CPU
		{0E5A8D06-81D2-4B3D-BCB7-F9F9CC0448B9}.Debug|Any CPU.Build.0 = Debug|Any CPU
		{0E5A8D06-81D2-4B3D-BCB7-F9F9CC0448B9}.Release|Any CPU.ActiveCfg = Release|Any CPU
		{0E5A8D06-81D2-4B3D-BCB7-F9F9CC0448B9}.Release|Any CPU.Build.0 = Release|Any CPU
	EndGlobalSection
EndGlobal
